
Microsoft Visual Studio Solution File, Format Version 12.00
# Visual Studio Version 16
VisualStudioVersion = 16.0.30907.101
MinimumVisualStudioVersion = 10.0.40219.1
Project("{9A19103F-16F7-4668-BE54-9A1E7A4F7556}") = "Rayna.ApiIntegration", "Falcon\Rayna.ApiIntegration.csproj", "{19D0ECDC-A588-48D9-B758-A144A24C7D5F}"
EndProject
Global
	GlobalSection(SolutionConfigurationPlatforms) = preSolution
		Debug|Any CPU = Debug|Any CPU
		Release|Any CPU = Release|Any CPU
	EndGlobalSection
	GlobalSection(ProjectConfigurationPlatforms) = postSolution
		{19D0ECDC-A588-48D9-B758-A144A24C7D5F}.Debug|Any CPU.ActiveCfg = Debug|Any CPU
		{19D0ECDC-A588-48D9-B758-A144A24C7D5F}.Debug|Any CPU.Build.0 = Debug|Any CPU
		{19D0ECDC-A588-48D9-B758-A144A24C7D5F}.Release|Any CPU.ActiveCfg = Release|Any CPU
		{19D0ECDC-A588-48D9-B758-A144A24C7D5F}.Release|Any CPU.Build.0 = Release|Any CPU
	EndGlobalSection
	GlobalSection(SolutionProperties) = preSolution
		HideSolutionNode = FALSE
	EndGlobalSection
	GlobalSection(ExtensibilityGlobals) = postSolution
		SolutionGuid = {6F64BB45-4763-42A5-AABE-93B7C0C85A98}
	EndGlobalSection
EndGlobal
